github.com/cpuguy83/go-md2man/v2 v2.0.4 h1:wfIWP927BUkWJb2NmU/kNDYIBTh/ziUX91+lVfRxZq4=
github.com/cpuguy83/go-md2man/v2 v2.0.4/go.mod h1:tgQtvFlXSQOSOSIRvRPT7W67SCa46tRHOmNcaadrF8o=
github.com/russross/blackfriday/v2 v2.1.0 h1:JIOH55/0cWyOuilr9/qlrm0BSXldqnqwMsf35Ld67mk=
github.com/russross/blackfriday/v2 v2.1.0/go.mod h1:+Rmxgy9KzJVeS9/2gXHxylqXiyQDYRxCVz55jmeOWTM=
github.com/urfave/cli/v2 v2.27.2 h1:6e0H+AkS+zDckwPCUrZkKX38mRaau4nL2uipkJpbkcI=
github.com/urfave/cli/v2 v2.27.2/go.mod h1:g0+79LmHHATl7DAcHO99smiR/T7uGLw84w8Y42x+4eM=
github.com/wroge/wgs84/v2 v2.0.0-alpha.11 h1:wLoEsSP46vkqytAZN0Ruc+dNfCzh0X0LlOhBoGhFmgw=
github.com/wroge/wgs84/v2 v2.0.0-alpha.11/go.mod h1:c213RWumkFVT6798bhUIDRJweu6G39v/cXT2nRYBw7w=
github.com/xeonx/geom v0.0.0-20151223130215-76a21efc1ce4 h1:euU/zmXMiiVk7D2MFr+DowxhR5vneLsrvHsEL+2oj5Q=
github.com/xeonx/geom v0.0.0-20151223130215-76a21efc1ce4/go.mod h1:ZPykJRloc9d9XR8xLVEVXdBPfUC73Z+yzOQU/fAEc8g=
github.com/xeonx/proj4 v0.0.0-20151223112312-c52078bad901 h1:iSCvUcZhW/WSjZ80YFQDnvoFFBUmf/dQtScWFDBm5uI=
github.com/xeonx/proj4 v0.0.0-20151223112312-c52078bad901/go.mod h1:va4ShuSDPhBD8tK7kyEMdVqhjAvZmTzWdxAKtkPbnjA=
github.com/xrash/smetrics v0.0.0-20240312152122-5f08fbb34913 h1:+qGGcbkzsfDQNPPe9UDgpxAWQrhbbBXOYJFQDq/dtJw=
github.com/xrash/smetrics v0.0.0-20240312152122-5f08fbb34913/go.mod h1:4aEEwZQutDLsQv2Deui4iYQ6DWTxR14g6m8Wv88+Xqk=
